version: 2.0
shards:
  ameba:
    git: https://github.com/crystal-ameba/ameba.git
    version: 1.6.4

  athena:
    git: https://github.com/athena-framework/framework.git
    version: 0.21.0

  athena-clock:
    git: https://github.com/athena-framework/clock.git
    version: 0.2.0

  athena-console:
    git: https://github.com/athena-framework/console.git
    version: 0.4.2

  athena-contracts:
    git: https://github.com/athena-framework/contracts.git
    version: 0.1.0

  athena-dependency_injection:
    git: https://github.com/athena-framework/dependency-injection.git
    version: 0.4.4

  athena-dotenv:
    git: https://github.com/athena-framework/dotenv.git
    version: 0.2.0

  athena-event_dispatcher:
    git: https://github.com/athena-framework/event-dispatcher.git
    version: 0.4.0

  athena-image_size:
    git: https://github.com/athena-framework/image-size.git
    version: 0.1.4

  athena-mime:
    git: https://github.com/athena-framework/mime.git
    version: 0.2.1

  athena-negotiation:
    git: https://github.com/athena-framework/negotiation.git
    version: 0.2.0

  athena-routing:
    git: https://github.com/athena-framework/routing.git
    version: 0.1.11

  athena-serializer:
    git: https://github.com/athena-framework/serializer.git
    version: 0.4.2

  athena-spec:
    git: https://github.com/athena-framework/spec.git
    version: 0.4.0

  athena-validator:
    git: https://github.com/athena-framework/validator.git
    version: 0.4.1

  db:
    git: https://github.com/crystal-lang/crystal-db.git
    version: 0.11.0

  micrate:
    git: https://github.com/amberframework/micrate.git
    version: 0.15.1

  mysql:
    git: https://github.com/crystal-lang/crystal-mysql.git
    version: 0.14.0

  pg:
    git: https://github.com/will/crystal-pg.git
    version: 0.26.0

  sqlite3:
    git: https://github.com/crystal-lang/crystal-sqlite3.git
    version: 0.19.0

